// !$*UTF8*$!
{
	archiveVersion = 1;
	classes = {
	};
	objectVersion = 70;
	objects = {

/* Begin PBXBuildFile section */
		1DF043BB3003EE710072D4A8 /* WidgetKit.framework in Frameworks */ = {isa = PBXBuildFile; fileRef = 1DF043BA3003EE700072D4A8 /* WidgetKit.framework */; };
		1DF043BD3003EE710072D4A8 /* SwiftUI.framework in Frameworks */ = {isa = PBXBuildFile; fileRef = 1DF043BC3003EE710072D4A8 /* SwiftUI.framework */; };
		1DF043CE3003EE710072D4A8 /* SnapWorthWidgetsExtension.appex in Embed Foundation Extensions */ = {isa = PBXBuildFile; fileRef = 1DF043B83003EE700072D4A8 /* SnapWorthWidgetsExtension.appex */; settings = {ATTRIBUTES = (RemoveHeadersOnCopy, ); }; };
		AA00000000000000000000C1 /* SnapWorthApp.swift in Sources */ = {isa = PBXBuildFile; fileRef = AA00000000000000000000C0 /* SnapWorthApp.swift */; };
		AA00000000000000000000C3 /* Config.swift in Sources */ = {isa = PBXBuildFile; fileRef = AA00000000000000000000C2 /* Config.swift */; };
		AA00000000000000000000C5 /* DesignSystem.swift in Sources */ = {isa = PBXBuildFile; fileRef = AA00000000000000000000C4 /* DesignSystem.swift */; };
		AA00000000000000000000C7 /* ScanResult.swift in Sources */ = {isa = PBXBuildFile; fileRef = AA00000000000000000000C6 /* ScanResult.swift */; };
		AA00000000000000000000C9 /* PurchaseService.swift in Sources */ = {isa = PBXBuildFile; fileRef = AA00000000000000000000C8 /* PurchaseService.swift */; };
		AA00000000000000000000CB /* MockPurchaseService.swift in Sources */ = {isa = PBXBuildFile; fileRef = AA00000000000000000000CA /* MockPurchaseService.swift */; };
		AA00000000000000000000CD /* StoreKitPurchaseService.swift in Sources */ = {isa = PBXBuildFile; fileRef = AA00000000000000000000CC /* StoreKitPurchaseService.swift */; };
		AA00000000000000000000CF /* ScanAPIClient.swift in Sources */ = {isa = PBXBuildFile; fileRef = AA00000000000000000000CE /* ScanAPIClient.swift */; };
		AA00000000000000000000D1 /* CameraManager.swift in Sources */ = {isa = PBXBuildFile; fileRef = AA00000000000000000000D0 /* CameraManager.swift */; };
		AA00000000000000000000D3 /* OnboardingViewModel.swift in Sources */ = {isa = PBXBuildFile; fileRef = AA00000000000000000000D2 /* OnboardingViewModel.swift */; };
		AA00000000000000000000D5 /* PaywallViewModel.swift in Sources */ = {isa = PBXBuildFile; fileRef = AA00000000000000000000D4 /* PaywallViewModel.swift */; };
		AA00000000000000000000D7 /* ScanViewModel.swift in Sources */ = {isa = PBXBuildFile; fileRef = AA00000000000000000000D6 /* ScanViewModel.swift */; };
		AA00000000000000000000D9 /* ResultViewModel.swift in Sources */ = {isa = PBXBuildFile; fileRef = AA00000000000000000000D8 /* ResultViewModel.swift */; };
		AA00000000000000000000DB /* HistoryViewModel.swift in Sources */ = {isa = PBXBuildFile; fileRef = AA00000000000000000000DA /* HistoryViewModel.swift */; };
		AA00000000000000000000DD /* SettingsViewModel.swift in Sources */ = {isa = PBXBuildFile; fileRef = AA00000000000000000000DC /* SettingsViewModel.swift */; };
		AA00000000000000000000DF /* OnboardingView.swift in Sources */ = {isa = PBXBuildFile; fileRef = AA00000000000000000000DE /* OnboardingView.swift */; };
		AA00000000000000000000E1 /* PaywallView.swift in Sources */ = {isa = PBXBuildFile; fileRef = AA00000000000000000000E0 /* PaywallView.swift */; };
		AA00000000000000000000E3 /* MainTabView.swift in Sources */ = {isa = PBXBuildFile; fileRef = AA00000000000000000000E2 /* MainTabView.swift */; };
		AA00000000000000000000E5 /* ScanView.swift in Sources */ = {isa = PBXBuildFile; fileRef = AA00000000000000000000E4 /* ScanView.swift */; };
		AA00000000000000000000E7 /* ResultView.swift in Sources */ = {isa = PBXBuildFile; fileRef = AA00000000000000000000E6 /* ResultView.swift */; };
		AA00000000000000000000E9 /* HistoryView.swift in Sources */ = {isa = PBXBuildFile; fileRef = AA00000000000000000000E8 /* HistoryView.swift */; };
		AA00000000000000000000EB /* SettingsView.swift in Sources */ = {isa = PBXBuildFile; fileRef = AA00000000000000000000EA /* SettingsView.swift */; };
		AA00000000000000000000ED /* Assets.xcassets in Resources */ = {isa = PBXBuildFile; fileRef = AA00000000000000000000EC /* Assets.xcassets */; };
		AA00000000000000000000F2 /* Fraunces-Variable.ttf in Resources */ = {isa = PBXBuildFile; fileRef = AA00000000000000000000F1 /* Fraunces-Variable.ttf */; };
		AA00000000000000000000F4 /* DMSans-Variable.ttf in Resources */ = {isa = PBXBuildFile; fileRef = AA00000000000000000000F3 /* DMSans-Variable.ttf */; };
		AA00000000000000000000F7 /* LegalView.swift in Sources */ = {isa = PBXBuildFile; fileRef = AA00000000000000000000F6 /* LegalView.swift */; };
		AA00000000000000000000FC /* FeedbackView.swift in Sources */ = {isa = PBXBuildFile; fileRef = AA00000000000000000000FB /* FeedbackView.swift */; };
		AA0000000000000000000100 /* SnapWorthTests.swift in Sources */ = {isa = PBXBuildFile; fileRef = AA0000000000000000000102 /* SnapWorthTests.swift */; };
		AA000000000000000000010E /* PrivacyInfo.xcprivacy in Resources */ = {isa = PBXBuildFile; fileRef = AA000000000000000000010D /* PrivacyInfo.xcprivacy */; };
		AA000000000000000000010F /* AppError.swift in Sources */ = {isa = PBXBuildFile; fileRef = AA0000000000000000000110 /* AppError.swift */; };
		AA0000000000000000000111 /* ScanRepository.swift in Sources */ = {isa = PBXBuildFile; fileRef = AA0000000000000000000112 /* ScanRepository.swift */; };
		AA0000000000000000000114 /* ShareCardView.swift in Sources */ = {isa = PBXBuildFile; fileRef = AA0000000000000000000113 /* ShareCardView.swift */; };
		ADD1EC0000000000000000A3 /* TelemetryDeck in Frameworks */ = {isa = PBXBuildFile; productRef = ADD1EC0000000000000000A2 /* TelemetryDeck */; };
		ADD1EC0000000000000000B2 /* Analytics.swift in Sources */ = {isa = PBXBuildFile; fileRef = ADD1EC0000000000000000B1 /* Analytics.swift */; };
		ADD1EC0000000000000000B4 /* TelemetryDeckAnalytics.swift in Sources */ = {isa = PBXBuildFile; fileRef = ADD1EC0000000000000000B3 /* TelemetryDeckAnalytics.swift */; };
		ADD1EC0000000000000000B6 /* ActivityShareSheet.swift in Sources */ = {isa = PBXBuildFile; fileRef = ADD1EC0000000000000000B5 /* ActivityShareSheet.swift */; };
		ADD1EC0000000000000000B8 /* FlipsViewModel.swift in Sources */ = {isa = PBXBuildFile; fileRef = ADD1EC0000000000000000B7 /* FlipsViewModel.swift */; };
		ADD1EC0000000000000000BA /* FlipsView.swift in Sources */ = {isa = PBXBuildFile; fileRef = ADD1EC0000000000000000B9 /* FlipsView.swift */; };
		ADD1EC0000000000000000F2 /* ReviewPrompt.swift in Sources */ = {isa = PBXBuildFile; fileRef = ADD1EC0000000000000000F1 /* ReviewPrompt.swift */; };
		ADD1EC0000000000000000F4 /* NotificationManager.swift in Sources */ = {isa = PBXBuildFile; fileRef = ADD1EC0000000000000000F3 /* NotificationManager.swift */; };
		ADD1EC0000000000000000F6 /* NotificationSettingsView.swift in Sources */ = {isa = PBXBuildFile; fileRef = ADD1EC0000000000000000F5 /* NotificationSettingsView.swift */; };
		BB000000000000000000000A /* WidgetDataStore.swift in Sources */ = {isa = PBXBuildFile; fileRef = BB0000000000000000000009 /* WidgetDataStore.swift */; };
/* End PBXBuildFile section */

/* Begin PBXContainerItemProxy section */
		1DF043CC3003EE710072D4A8 /* PBXContainerItemProxy */ = {
			isa = PBXContainerItemProxy;
			containerPortal = AA00000000000000000000AA /* Project object */;
			proxyType = 1;
			remoteGlobalIDString = 1DF043B73003EE700072D4A8;
			remoteInfo = SnapWorthWidgetsExtension;
		};
		AA0000000000000000000108 /* PBXContainerItemProxy */ = {
			isa = PBXContainerItemProxy;
			containerPortal = AA00000000000000000000AA /* Project object */;
			proxyType = 1;
			remoteGlobalIDString = AA00000000000000000000AD;
			remoteInfo = SnapWorth;
		};
/* End PBXContainerItemProxy section */

/* Begin PBXCopyFilesBuildPhase section */
		1DF043CF3003EE710072D4A8 /* Embed Foundation Extensions */ = {
			isa = PBXCopyFilesBuildPhase;
			buildActionMask = 2147483647;
			dstPath = "";
			dstSubfolderSpec = 13;
			files = (
				1DF043CE3003EE710072D4A8 /* SnapWorthWidgetsExtension.appex in Embed Foundation Extensions */,
			);
			name = "Embed Foundation Extensions";
			runOnlyForDeploymentPostprocessing = 0;
		};
/* End PBXCopyFilesBuildPhase section */

/* Begin PBXFileReference section */
		1DF043B83003EE700072D4A8 /* SnapWorthWidgetsExtension.appex */ = {isa = PBXFileReference; explicitFileType = "wrapper.app-extension"; includeInIndex = 0; path = SnapWorthWidgetsExtension.appex; sourceTree = BUILT_PRODUCTS_DIR; };
		1DF043BA3003EE700072D4A8 /* WidgetKit.framework */ = {isa = PBXFileReference; lastKnownFileType = wrapper.framework; name = WidgetKit.framework; path = System/Library/Frameworks/WidgetKit.framework; sourceTree = SDKROOT; };
		1DF043BC3003EE710072D4A8 /* SwiftUI.framework */ = {isa = PBXFileReference; lastKnownFileType = wrapper.framework; name = SwiftUI.framework; path = System/Library/Frameworks/SwiftUI.framework; sourceTree = SDKROOT; };
		AA00000000000000000000AE /* SnapWorth.app */ = {isa = PBXFileReference; explicitFileType = wrapper.application; includeInIndex = 0; path = SnapWorth.app; sourceTree = BUILT_PRODUCTS_DIR; };
		AA00000000000000000000C0 /* SnapWorthApp.swift */ = {isa = PBXFileReference; lastKnownFileType = sourcecode.swift; path = SnapWorthApp.swift; sourceTree = "<group>"; };
		AA00000000000000000000C2 /* Config.swift */ = {isa = PBXFileReference; lastKnownFileType = sourcecode.swift; path = Config.swift; sourceTree = "<group>"; };
		AA00000000000000000000C4 /* DesignSystem.swift */ = {isa = PBXFileReference; lastKnownFileType = sourcecode.swift; path = DesignSystem.swift; sourceTree = "<group>"; };
		AA00000000000000000000C6 /* ScanResult.swift */ = {isa = PBXFileReference; lastKnownFileType = sourcecode.swift; path = ScanResult.swift; sourceTree = "<group>"; };
		AA00000000000000000000C8 /* PurchaseService.swift */ = {isa = PBXFileReference; lastKnownFileType = sourcecode.swift; path = PurchaseService.swift; sourceTree = "<group>"; };
		AA00000000000000000000CA /* MockPurchaseService.swift */ = {isa = PBXFileReference; lastKnownFileType = sourcecode.swift; path = MockPurchaseService.swift; sourceTree = "<group>"; };
		AA00000000000000000000CC /* StoreKitPurchaseService.swift */ = {isa = PBXFileReference; lastKnownFileType = sourcecode.swift; path = StoreKitPurchaseService.swift; sourceTree = "<group>"; };
		AA00000000000000000000CE /* ScanAPIClient.swift */ = {isa = PBXFileReference; lastKnownFileType = sourcecode.swift; path = ScanAPIClient.swift; sourceTree = "<group>"; };
		AA00000000000000000000D0 /* CameraManager.swift */ = {isa = PBXFileReference; lastKnownFileType = sourcecode.swift; path = CameraManager.swift; sourceTree = "<group>"; };
		AA00000000000000000000D2 /* OnboardingViewModel.swift */ = {isa = PBXFileReference; lastKnownFileType = sourcecode.swift; path = OnboardingViewModel.swift; sourceTree = "<group>"; };
		AA00000000000000000000D4 /* PaywallViewModel.swift */ = {isa = PBXFileReference; lastKnownFileType = sourcecode.swift; path = PaywallViewModel.swift; sourceTree = "<group>"; };
		AA00000000000000000000D6 /* ScanViewModel.swift */ = {isa = PBXFileReference; lastKnownFileType = sourcecode.swift; path = ScanViewModel.swift; sourceTree = "<group>"; };
		AA00000000000000000000D8 /* ResultViewModel.swift */ = {isa = PBXFileReference; lastKnownFileType = sourcecode.swift; path = ResultViewModel.swift; sourceTree = "<group>"; };
		AA00000000000000000000DA /* HistoryViewModel.swift */ = {isa = PBXFileReference; lastKnownFileType = sourcecode.swift; path = HistoryViewModel.swift; sourceTree = "<group>"; };
		AA00000000000000000000DC /* SettingsViewModel.swift */ = {isa = PBXFileReference; lastKnownFileType = sourcecode.swift; path = SettingsViewModel.swift; sourceTree = "<group>"; };
		AA00000000000000000000DE /* OnboardingView.swift */ = {isa = PBXFileReference; lastKnownFileType = sourcecode.swift; path = OnboardingView.swift; sourceTree = "<group>"; };
		AA00000000000000000000E0 /* PaywallView.swift */ = {isa = PBXFileReference; lastKnownFileType = sourcecode.swift; path = PaywallView.swift; sourceTree = "<group>"; };
		AA00000000000000000000E2 /* MainTabView.swift */ = {isa = PBXFileReference; lastKnownFileType = sourcecode.swift; path = MainTabView.swift; sourceTree = "<group>"; };
		AA00000000000000000000E4 /* ScanView.swift */ = {isa = PBXFileReference; lastKnownFileType = sourcecode.swift; path = ScanView.swift; sourceTree = "<group>"; };
		AA00000000000000000000E6 /* ResultView.swift */ = {isa = PBXFileReference; lastKnownFileType = sourcecode.swift; path = ResultView.swift; sourceTree = "<group>"; };
		AA00000000000000000000E8 /* HistoryView.swift */ = {isa = PBXFileReference; lastKnownFileType = sourcecode.swift; path = HistoryView.swift; sourceTree = "<group>"; };
		AA00000000000000000000EA /* SettingsView.swift */ = {isa = PBXFileReference; lastKnownFileType = sourcecode.swift; path = SettingsView.swift; sourceTree = "<group>"; };
		AA00000000000000000000EC /* Assets.xcassets */ = {isa = PBXFileReference; lastKnownFileType = folder.assetcatalog; path = Assets.xcassets; sourceTree = "<group>"; };
		AA00000000000000000000EE /* Info.plist */ = {isa = PBXFileReference; lastKnownFileType = text.plist.xml; path = Info.plist; sourceTree = "<group>"; };
		AA00000000000000000000F1 /* Fraunces-Variable.ttf */ = {isa = PBXFileReference; lastKnownFileType = file; path = "Fraunces-Variable.ttf"; sourceTree = "<group>"; };
		AA00000000000000000000F3 /* DMSans-Variable.ttf */ = {isa = PBXFileReference; lastKnownFileType = file; path = "DMSans-Variable.ttf"; sourceTree = "<group>"; };
		AA00000000000000000000F6 /* LegalView.swift */ = {isa = PBXFileReference; lastKnownFileType = sourcecode.swift; path = LegalView.swift; sourceTree = "<group>"; };
		AA00000000000000000000FB /* FeedbackView.swift */ = {isa = PBXFileReference; lastKnownFileType = sourcecode.swift; path = FeedbackView.swift; sourceTree = "<group>"; };
		AA0000000000000000000101 /* SnapWorthTests.xctest */ = {isa = PBXFileReference; explicitFileType = wrapper.cfbundle; includeInIndex = 0; path = SnapWorthTests.xctest; sourceTree = BUILT_PRODUCTS_DIR; };
		AA0000000000000000000102 /* SnapWorthTests.swift */ = {isa = PBXFileReference; lastKnownFileType = sourcecode.swift; path = SnapWorthTests.swift; sourceTree = "<group>"; };
		AA000000000000000000010D /* PrivacyInfo.xcprivacy */ = {isa = PBXFileReference; lastKnownFileType = text.xml; path = PrivacyInfo.xcprivacy; sourceTree = "<group>"; };
		AA0000000000000000000110 /* AppError.swift */ = {isa = PBXFileReference; lastKnownFileType = sourcecode.swift; path = AppError.swift; sourceTree = "<group>"; };
		AA0000000000000000000112 /* ScanRepository.swift */ = {isa = PBXFileReference; lastKnownFileType = sourcecode.swift; path = ScanRepository.swift; sourceTree = "<group>"; };
		AA0000000000000000000113 /* ShareCardView.swift */ = {isa = PBXFileReference; lastKnownFileType = sourcecode.swift; path = ShareCardView.swift; sourceTree = "<group>"; };
		ADD1EC0000000000000000B1 /* Analytics.swift */ = {isa = PBXFileReference; lastKnownFileType = sourcecode.swift; path = Analytics.swift; sourceTree = "<group>"; };
		ADD1EC0000000000000000B3 /* TelemetryDeckAnalytics.swift */ = {isa = PBXFileReference; lastKnownFileType = sourcecode.swift; path = TelemetryDeckAnalytics.swift; sourceTree = "<group>"; };
		ADD1EC0000000000000000B5 /* ActivityShareSheet.swift */ = {isa = PBXFileReference; lastKnownFileType = sourcecode.swift; path = ActivityShareSheet.swift; sourceTree = "<group>"; };
		ADD1EC0000000000000000B7 /* FlipsViewModel.swift */ = {isa = PBXFileReference; lastKnownFileType = sourcecode.swift; path = FlipsViewModel.swift; sourceTree = "<group>"; };
		ADD1EC0000000000000000B9 /* FlipsView.swift */ = {isa = PBXFileReference; lastKnownFileType = sourcecode.swift; path = FlipsView.swift; sourceTree = "<group>"; };
		ADD1EC0000000000000000F1 /* ReviewPrompt.swift */ = {isa = PBXFileReference; lastKnownFileType = sourcecode.swift; path = ReviewPrompt.swift; sourceTree = "<group>"; };
		ADD1EC0000000000000000F3 /* NotificationManager.swift */ = {isa = PBXFileReference; lastKnownFileType = sourcecode.swift; path = NotificationManager.swift; sourceTree = "<group>"; };
		ADD1EC0000000000000000F5 /* NotificationSettingsView.swift */ = {isa = PBXFileReference; lastKnownFileType = sourcecode.swift; path = NotificationSettingsView.swift; sourceTree = "<group>"; };
		ADD1EC0000000000000000F7 /* SnapWorth.storekit */ = {isa = PBXFileReference; lastKnownFileType = text; path = SnapWorth.storekit; sourceTree = "<group>"; };
		BB0000000000000000000008 /* SnapWorth.entitlements */ = {isa = PBXFileReference; lastKnownFileType = text.plist.entitlements; path = SnapWorth.entitlements; sourceTree = "<group>"; };
		BB0000000000000000000009 /* WidgetDataStore.swift */ = {isa = PBXFileReference; lastKnownFileType = sourcecode.swift; path = WidgetDataStore.swift; sourceTree = "<group>"; };
/* End PBXFileReference section */

/* Begin PBXFileSystemSynchronizedBuildFileExceptionSet section */
		1DF043D23003EE710072D4A8 /* PBXFileSystemSynchronizedBuildFileExceptionSet */ = {
			isa = PBXFileSystemSynchronizedBuildFileExceptionSet;
			membershipExceptions = (
				Info.plist,
			);
			target = 1DF043B73003EE700072D4A8 /* SnapWorthWidgetsExtension */;
		};
/* End PBXFileSystemSynchronizedBuildFileExceptionSet section */

/* Begin PBXFileSystemSynchronizedRootGroup section */
		1DF043BE3003EE710072D4A8 /* SnapWorthWidgets */ = {isa = PBXFileSystemSynchronizedRootGroup; exceptions = (1DF043D23003EE710072D4A8 /* PBXFileSystemSynchronizedBuildFileExceptionSet */, ); explicitFileTypes = {}; explicitFolders = (); path = SnapWorthWidgets; sourceTree = "<group>"; };
/* End PBXFileSystemSynchronizedRootGroup section */

/* Begin PBXFrameworksBuildPhase section */
		1DF043B53003EE700072D4A8 /* Frameworks */ = {
			isa = PBXFrameworksBuildPhase;
			buildActionMask = 2147483647;
			files = (
				1DF043BD3003EE710072D4A8 /* SwiftUI.framework in Frameworks */,
				1DF043BB3003EE710072D4A8 /* WidgetKit.framework in Frameworks */,
			);
			runOnlyForDeploymentPostprocessing = 0;
		};
		AA00000000000000000000B7 /* Frameworks */ = {
			isa = PBXFrameworksBuildPhase;
			buildActionMask = 2147483647;
			files = (
				ADD1EC0000000000000000A3 /* TelemetryDeck in Frameworks */,
			);
			runOnlyForDeploymentPostprocessing = 0;
		};
		AA0000000000000000000106 /* Frameworks */ = {
			isa = PBXFrameworksBuildPhase;
			buildActionMask = 2147483647;
			files = (
			);
			runOnlyForDeploymentPostprocessing = 0;
		};
/* End PBXFrameworksBuildPhase section */

/* Begin PBXGroup section */
		1DF043B93003EE700072D4A8 /* Frameworks */ = {
			isa = PBXGroup;
			children = (
				1DF043BA3003EE700072D4A8 /* WidgetKit.framework */,
				1DF043BC3003EE710072D4A8 /* SwiftUI.framework */,
			);
			name = Frameworks;
			sourceTree = "<group>";
		};
		AA00000000000000000000AB /* SnapWorth */ = {
			isa = PBXGroup;
			children = (
				AA00000000000000000000C0 /* SnapWorthApp.swift */,
				AA00000000000000000000C2 /* Config.swift */,
				AA00000000000000000000EC /* Assets.xcassets */,
				AA00000000000000000000EE /* Info.plist */,
				BB0000000000000000000008 /* SnapWorth.entitlements */,
				AA000000000000000000010D /* PrivacyInfo.xcprivacy */,
				ADD1EC0000000000000000F7 /* SnapWorth.storekit */,
				AA00000000000000000000F5 /* Fonts */,
				AA00000000000000000000B8 /* DesignSystem */,
				AA00000000000000000000B9 /* Models */,
				AA00000000000000000000BA /* Services */,
				AA00000000000000000000BB /* Camera */,
				AA00000000000000000000BC /* ViewModels */,
				AA00000000000000000000BD /* Views */,
			);
			path = SnapWorth;
			sourceTree = "<group>";
		};
		AA00000000000000000000AC /* Products */ = {
			isa = PBXGroup;
			children = (
				AA00000000000000000000AE /* SnapWorth.app */,
				AA0000000000000000000101 /* SnapWorthTests.xctest */,
				1DF043B83003EE700072D4A8 /* SnapWorthWidgetsExtension.appex */,
			);
			name = Products;
			sourceTree = "<group>";
		};
		AA00000000000000000000B8 /* DesignSystem */ = {
			isa = PBXGroup;
			children = (
				AA00000000000000000000C4 /* DesignSystem.swift */,
			);
			path = DesignSystem;
			sourceTree = "<group>";
		};
		AA00000000000000000000B9 /* Models */ = {
			isa = PBXGroup;
			children = (
				AA00000000000000000000C6 /* ScanResult.swift */,
				AA0000000000000000000110 /* AppError.swift */,
			);
			path = Models;
			sourceTree = "<group>";
		};
		AA00000000000000000000BA /* Services */ = {
			isa = PBXGroup;
			children = (
				AA00000000000000000000C8 /* PurchaseService.swift */,
				AA00000000000000000000CA /* MockPurchaseService.swift */,
				AA00000000000000000000CC /* StoreKitPurchaseService.swift */,
				AA00000000000000000000CE /* ScanAPIClient.swift */,
				AA0000000000000000000112 /* ScanRepository.swift */,
				BB0000000000000000000009 /* WidgetDataStore.swift */,
				ADD1EC0000000000000000B1 /* Analytics.swift */,
				ADD1EC0000000000000000B3 /* TelemetryDeckAnalytics.swift */,
				ADD1EC0000000000000000F1 /* ReviewPrompt.swift */,
				ADD1EC0000000000000000F3 /* NotificationManager.swift */,
			);
			path = Services;
			sourceTree = "<group>";
		};
		AA00000000000000000000BB /* Camera */ = {
			isa = PBXGroup;
			children = (
				AA00000000000000000000D0 /* CameraManager.swift */,
			);
			path = Camera;
			sourceTree = "<group>";
		};
		AA00000000000000000000BC /* ViewModels */ = {
			isa = PBXGroup;
			children = (
				AA00000000000000000000D2 /* OnboardingViewModel.swift */,
				AA00000000000000000000D4 /* PaywallViewModel.swift */,
				AA00000000000000000000D6 /* ScanViewModel.swift */,
				AA00000000000000000000D8 /* ResultViewModel.swift */,
				AA00000000000000000000DA /* HistoryViewModel.swift */,
				AA00000000000000000000DC /* SettingsViewModel.swift */,
				ADD1EC0000000000000000B7 /* FlipsViewModel.swift */,
			);
			path = ViewModels;
			sourceTree = "<group>";
		};
		AA00000000000000000000BD /* Views */ = {
			isa = PBXGroup;
			children = (
				AA00000000000000000000DE /* OnboardingView.swift */,
				AA00000000000000000000E0 /* PaywallView.swift */,
				AA00000000000000000000E2 /* MainTabView.swift */,
				AA00000000000000000000E4 /* ScanView.swift */,
				AA00000000000000000000E6 /* ResultView.swift */,
				AA00000000000000000000E8 /* HistoryView.swift */,
				AA00000000000000000000EA /* SettingsView.swift */,
				ADD1EC0000000000000000F5 /* NotificationSettingsView.swift */,
				AA00000000000000000000F6 /* LegalView.swift */,
				AA00000000000000000000FB /* FeedbackView.swift */,
				AA0000000000000000000113 /* ShareCardView.swift */,
				ADD1EC0000000000000000B5 /* ActivityShareSheet.swift */,
				ADD1EC0000000000000000B9 /* FlipsView.swift */,
			);
			path = Views;
			sourceTree = "<group>";
		};
		AA00000000000000000000F0 = {
			isa = PBXGroup;
			children = (
				AA00000000000000000000AB /* SnapWorth */,
				AA0000000000000000000103 /* SnapWorthTests */,
				1DF043BE3003EE710072D4A8 /* SnapWorthWidgets */,
				1DF043B93003EE700072D4A8 /* Frameworks */,
				AA00000000000000000000AC /* Products */,
			);
			sourceTree = "<group>";
		};
		AA00000000000000000000F5 /* Fonts */ = {
			isa = PBXGroup;
			children = (
				AA00000000000000000000F1 /* Fraunces-Variable.ttf */,
				AA00000000000000000000F3 /* DMSans-Variable.ttf */,
			);
			path = Fonts;
			sourceTree = "<group>";
		};
		AA0000000000000000000103 /* SnapWorthTests */ = {
			isa = PBXGroup;
			children = (
				AA0000000000000000000102 /* SnapWorthTests.swift */,
			);
			path = SnapWorthTests;
			sourceTree = "<group>";
		};
/* End PBXGroup section */

/* Begin PBXNativeTarget section */
		1DF043B73003EE700072D4A8 /* SnapWorthWidgetsExtension */ = {
			isa = PBXNativeTarget;
			buildConfigurationList = 1DF043D33003EE710072D4A8 /* Build configuration list for PBXNativeTarget "SnapWorthWidgetsExtension" */;
			buildPhases = (
				1DF043B43003EE700072D4A8 /* Sources */,
				1DF043B53003EE700072D4A8 /* Frameworks */,
				1DF043B63003EE700072D4A8 /* Resources */,
			);
			buildRules = (
			);
			dependencies = (
			);
			fileSystemSynchronizedGroups = (
				1DF043BE3003EE710072D4A8 /* SnapWorthWidgets */,
			);
			name = SnapWorthWidgetsExtension;
			packageProductDependencies = (
			);
			productName = SnapWorthWidgetsExtension;
			productReference = 1DF043B83003EE700072D4A8 /* SnapWorthWidgetsExtension.appex */;
			productType = "com.apple.product-type.app-extension";
		};
		AA00000000000000000000AD /* SnapWorth */ = {
			isa = PBXNativeTarget;
			buildConfigurationList = AA00000000000000000000B0 /* Build configuration list for PBXNativeTarget "SnapWorth" */;
			buildPhases = (
				AA00000000000000000000B5 /* Sources */,
				AA00000000000000000000B6 /* Resources */,
				AA00000000000000000000B7 /* Frameworks */,
				1DF043CF3003EE710072D4A8 /* Embed Foundation Extensions */,
			);
			buildRules = (
			);
			dependencies = (
				1DF043CD3003EE710072D4A8 /* PBXTargetDependency */,
			);
			name = SnapWorth;
			packageProductDependencies = (
				ADD1EC0000000000000000A2 /* TelemetryDeck */,
			);
			productName = SnapWorth;
			productReference = AA00000000000000000000AE /* SnapWorth.app */;
			productType = "com.apple.product-type.application";
		};
		AA0000000000000000000104 /* SnapWorthTests */ = {
			isa = PBXNativeTarget;
			buildConfigurationList = AA000000000000000000010A /* Build configuration list for PBXNativeTarget "SnapWorthTests" */;
			buildPhases = (
				AA0000000000000000000105 /* Sources */,
				AA0000000000000000000106 /* Frameworks */,
				AA0000000000000000000107 /* Resources */,
			);
			buildRules = (
			);
			dependencies = (
				AA0000000000000000000109 /* PBXTargetDependency */,
			);
			name = SnapWorthTests;
			productName = SnapWorthTests;
			productReference = AA0000000000000000000101 /* SnapWorthTests.xctest */;
			productType = "com.apple.product-type.bundle.unit-test";
		};
/* End PBXNativeTarget section */

/* Begin PBXProject section */
		AA00000000000000000000AA /* Project object */ = {
			isa = PBXProject;
			attributes = {
				BuildIndependentTargetsInParallel = 1;
				LastSwiftUpdateCheck = 2640;
				LastUpgradeCheck = 2640;
				TargetAttributes = {
					1DF043B73003EE700072D4A8 = {
						CreatedOnToolsVersion = 26.4.1;
					};
					AA00000000000000000000AD = {
						CreatedOnToolsVersion = 15.0;
					};
					AA0000000000000000000104 = {
						CreatedOnToolsVersion = 15.0;
						TestTargetID = AA00000000000000000000AD;
					};
				};
			};
			buildConfigurationList = AA00000000000000000000AF /* Build configuration list for PBXProject "SnapWorth" */;
			compatibilityVersion = "Xcode 14.0";
			developmentRegion = en;
			hasScannedForEncodings = 0;
			knownRegions = (
				en,
				Base,
			);
			mainGroup = AA00000000000000000000F0;
			packageReferences = (
				ADD1EC0000000000000000A1 /* XCRemoteSwiftPackageReference "SwiftSDK" */,
			);
			productRefGroup = AA00000000000000000000AC /* Products */;
			projectDirPath = "";
			projectRoot = "";
			targets = (
				AA00000000000000000000AD /* SnapWorth */,
				AA0000000000000000000104 /* SnapWorthTests */,
				1DF043B73003EE700072D4A8 /* SnapWorthWidgetsExtension */,
			);
		};
/* End PBXProject section */

/* Begin PBXResourcesBuildPhase section */
		1DF043B63003EE700072D4A8 /* Resources */ = {
			isa = PBXResourcesBuildPhase;
			buildActionMask = 2147483647;
			files = (
			);
			runOnlyForDeploymentPostprocessing = 0;
		};
		AA00000000000000000000B6 /* Resources */ = {
			isa = PBXResourcesBuildPhase;
			buildActionMask = 2147483647;
			files = (
				AA00000000000000000000ED /* Assets.xcassets in Resources */,
				AA00000000000000000000F2 /* Fraunces-Variable.ttf in Resources */,
				AA00000000000000000000F4 /* DMSans-Variable.ttf in Resources */,
				AA000000000000000000010E /* PrivacyInfo.xcprivacy in Resources */,
			);
			runOnlyForDeploymentPostprocessing = 0;
		};
		AA0000000000000000000107 /* Resources */ = {
			isa = PBXResourcesBuildPhase;
			buildActionMask = 2147483647;
			files = (
			);
			runOnlyForDeploymentPostprocessing = 0;
		};
/* End PBXResourcesBuildPhase section */

/* Begin PBXSourcesBuildPhase section */
		1DF043B43003EE700072D4A8 /* Sources */ = {
			isa = PBXSourcesBuildPhase;
			buildActionMask = 2147483647;
			files = (
			);
			runOnlyForDeploymentPostprocessing = 0;
		};
		AA00000000000000000000B5 /* Sources */ = {
			isa = PBXSourcesBuildPhase;
			buildActionMask = 2147483647;
			files = (
				AA00000000000000000000C1 /* SnapWorthApp.swift in Sources */,
				AA00000000000000000000C3 /* Config.swift in Sources */,
				AA00000000000000000000C5 /* DesignSystem.swift in Sources */,
				AA00000000000000000000C7 /* ScanResult.swift in Sources */,
				AA00000000000000000000C9 /* PurchaseService.swift in Sources */,
				AA00000000000000000000CB /* MockPurchaseService.swift in Sources */,
				AA00000000000000000000CD /* StoreKitPurchaseService.swift in Sources */,
				ADD1EC0000000000000000B2 /* Analytics.swift in Sources */,
				ADD1EC0000000000000000B4 /* TelemetryDeckAnalytics.swift in Sources */,
				ADD1EC0000000000000000F2 /* ReviewPrompt.swift in Sources */,
				ADD1EC0000000000000000F4 /* NotificationManager.swift in Sources */,
				ADD1EC0000000000000000B6 /* ActivityShareSheet.swift in Sources */,
				ADD1EC0000000000000000B8 /* FlipsViewModel.swift in Sources */,
				ADD1EC0000000000000000BA /* FlipsView.swift in Sources */,
				AA00000000000000000000CF /* ScanAPIClient.swift in Sources */,
				BB000000000000000000000A /* WidgetDataStore.swift in Sources */,
				AA00000000000000000000D1 /* CameraManager.swift in Sources */,
				AA00000000000000000000D3 /* OnboardingViewModel.swift in Sources */,
				AA00000000000000000000D5 /* PaywallViewModel.swift in Sources */,
				AA00000000000000000000D7 /* ScanViewModel.swift in Sources */,
				AA00000000000000000000D9 /* ResultViewModel.swift in Sources */,
				AA00000000000000000000DB /* HistoryViewModel.swift in Sources */,
				AA00000000000000000000DD /* SettingsViewModel.swift in Sources */,
				AA00000000000000000000DF /* OnboardingView.swift in Sources */,
				AA00000000000000000000E1 /* PaywallView.swift in Sources */,
				AA00000000000000000000E3 /* MainTabView.swift in Sources */,
				AA00000000000000000000E5 /* ScanView.swift in Sources */,
				AA00000000000000000000E7 /* ResultView.swift in Sources */,
				AA00000000000000000000E9 /* HistoryView.swift in Sources */,
				AA00000000000000000000EB /* SettingsView.swift in Sources */,
				ADD1EC0000000000000000F6 /* NotificationSettingsView.swift in Sources */,
				AA00000000000000000000F7 /* LegalView.swift in Sources */,
				AA00000000000000000000FC /* FeedbackView.swift in Sources */,
				AA000000000000000000010F /* AppError.swift in Sources */,
				AA0000000000000000000111 /* ScanRepository.swift in Sources */,
				AA0000000000000000000114 /* ShareCardView.swift in Sources */,
			);
			runOnlyForDeploymentPostprocessing = 0;
		};
		AA0000000000000000000105 /* Sources */ = {
			isa = PBXSourcesBuildPhase;
			buildActionMask = 2147483647;
			files = (
				AA0000000000000000000100 /* SnapWorthTests.swift in Sources */,
			);
			runOnlyForDeploymentPostprocessing = 0;
		};
/* End PBXSourcesBuildPhase section */

/* Begin PBXTargetDependency section */
		1DF043CD3003EE710072D4A8 /* PBXTargetDependency */ = {
			isa = PBXTargetDependency;
			target = 1DF043B73003EE700072D4A8 /* SnapWorthWidgetsExtension */;
			targetProxy = 1DF043CC3003EE710072D4A8 /* PBXContainerItemProxy */;
		};
		AA0000000000000000000109 /* PBXTargetDependency */ = {
			isa = PBXTargetDependency;
			target = AA00000000000000000000AD /* SnapWorth */;
			targetProxy = AA0000000000000000000108 /* PBXContainerItemProxy */;
		};
/* End PBXTargetDependency section */

/* Begin XCBuildConfiguration section */
		1DF043D03003EE710072D4A8 /* Debug */ = {
			isa = XCBuildConfiguration;
			buildSettings = {
				ASSETCATALOG_COMPILER_GLOBAL_ACCENT_COLOR_NAME = AccentColor;
				ASSETCATALOG_COMPILER_WIDGET_BACKGROUND_COLOR_NAME = WidgetBackground;
				CODE_SIGN_ENTITLEMENTS = SnapWorthWidgets/SnapWorthWidgets.entitlements;
				CODE_SIGN_STYLE = Automatic;
				CURRENT_PROJECT_VERSION = 3;
				GENERATE_INFOPLIST_FILE = YES;
				INFOPLIST_FILE = SnapWorthWidgets/Info.plist;
				INFOPLIST_KEY_CFBundleDisplayName = SnapWorthWidgets;
				INFOPLIST_KEY_NSHumanReadableCopyright = "";
				IPHONEOS_DEPLOYMENT_TARGET = 17.0;
				LD_RUNPATH_SEARCH_PATHS = (
					"$(inherited)",
					"@executable_path/Frameworks",
					"@executable_path/../../Frameworks",
				);
				MARKETING_VERSION = 1.1.1;
				PRODUCT_BUNDLE_IDENTIFIER = eu.snapworth.app.SnapWorthWidgets;
				PRODUCT_NAME = "$(TARGET_NAME)";
				SKIP_INSTALL = YES;
				STRING_CATALOG_GENERATE_SYMBOLS = YES;
				SWIFT_ACTIVE_COMPILATION_CONDITIONS = "DEBUG $(inherited)";
				SWIFT_APPROACHABLE_CONCURRENCY = YES;
				SWIFT_EMIT_LOC_STRINGS = YES;
				SWIFT_UPCOMING_FEATURE_MEMBER_IMPORT_VISIBILITY = YES;
				SWIFT_VERSION = 5.0;
				TARGETED_DEVICE_FAMILY = "1,2";
			};
			name = Debug;
		};
		1DF043D13003EE710072D4A8 /* Release */ = {
			isa = XCBuildConfiguration;
			buildSettings = {
				ASSETCATALOG_COMPILER_GLOBAL_ACCENT_COLOR_NAME = AccentColor;
				ASSETCATALOG_COMPILER_WIDGET_BACKGROUND_COLOR_NAME = WidgetBackground;
				CODE_SIGN_ENTITLEMENTS = SnapWorthWidgets/SnapWorthWidgets.entitlements;
				CODE_SIGN_STYLE = Automatic;
				CURRENT_PROJECT_VERSION = 3;
				GENERATE_INFOPLIST_FILE = YES;
				INFOPLIST_FILE = SnapWorthWidgets/Info.plist;
				INFOPLIST_KEY_CFBundleDisplayName = SnapWorthWidgets;
				INFOPLIST_KEY_NSHumanReadableCopyright = "";
				IPHONEOS_DEPLOYMENT_TARGET = 17.0;
				LD_RUNPATH_SEARCH_PATHS = (
					"$(inherited)",
					"@executable_path/Frameworks",
					"@executable_path/../../Frameworks",
				);
				MARKETING_VERSION = 1.1.1;
				MTL_ENABLE_DEBUG_INFO = NO;
				PRODUCT_BUNDLE_IDENTIFIER = eu.snapworth.app.SnapWorthWidgets;
				PRODUCT_NAME = "$(TARGET_NAME)";
				SKIP_INSTALL = YES;
				STRING_CATALOG_GENERATE_SYMBOLS = YES;
				SWIFT_APPROACHABLE_CONCURRENCY = YES;
				SWIFT_EMIT_LOC_STRINGS = YES;
				SWIFT_UPCOMING_FEATURE_MEMBER_IMPORT_VISIBILITY = YES;
				SWIFT_VERSION = 5.0;
				TARGETED_DEVICE_FAMILY = "1,2";
			};
			name = Release;
		};
		AA00000000000000000000B1 /* Debug */ = {
			isa = XCBuildConfiguration;
			buildSettings = {
				ALWAYS_SEARCH_USER_PATHS = NO;
				ASSETCATALOG_COMPILER_GENERATE_SWIFT_ASSET_SYMBOL_EXTENSIONS = YES;
				CLANG_ANALYZER_NONNULL = YES;
				CLANG_ANALYZER_NUMBER_OBJECT_CONVERSION = YES_AGGRESSIVE;
				CLANG_CXX_LANGUAGE_STANDARD = "gnu++20";
				CLANG_ENABLE_MODULES = YES;
				CLANG_ENABLE_OBJC_ARC = YES;
				CLANG_ENABLE_OBJC_WEAK = YES;
				CLANG_WARN_BLOCK_CAPTURE_AUTORELEASING = YES;
				CLANG_WARN_BOOL_CONVERSION = YES;
				CLANG_WARN_COMMA = YES;
				CLANG_WARN_CONSTANT_CONVERSION = YES;
				CLANG_WARN_DEPRECATED_OBJC_IMPLEMENTATIONS = YES;
				CLANG_WARN_DIRECT_OBJC_ISA_USAGE = YES_ERROR;
				CLANG_WARN_DOCUMENTATION_COMMENTS = YES;
				CLANG_WARN_EMPTY_BODY = YES;
				CLANG_WARN_ENUM_CONVERSION = YES;
				CLANG_WARN_INFINITE_RECURSION = YES;
				CLANG_WARN_INT_CONVERSION = YES;
				CLANG_WARN_NON_LITERAL_NULL_CONVERSION = YES;
				CLANG_WARN_OBJC_IMPLICIT_RETAIN_SELF = YES;
				CLANG_WARN_OBJC_LITERAL_CONVERSION = YES;
				CLANG_WARN_OBJC_ROOT_CLASS = YES_ERROR;
				CLANG_WARN_QUOTED_INCLUDE_IN_FRAMEWORK_HEADER = YES;
				CLANG_WARN_RANGE_LOOP_ANALYSIS = YES;
				CLANG_WARN_STRICT_PROTOTYPES = YES;
				CLANG_WARN_SUSPICIOUS_MOVE = YES;
				CLANG_WARN_UNGUARDED_AVAILABILITY = YES_AGGRESSIVE;
				CLANG_WARN_UNREACHABLE_CODE = YES;
				CLANG_WARN__DUPLICATE_METHOD_MATCH = YES;
				COPY_PHASE_STRIP = NO;
				DEBUG_INFORMATION_FORMAT = dwarf;
				DEVELOPMENT_TEAM = A93FGV7L5Y;
				ENABLE_STRICT_OBJC_MSGSEND = YES;
				ENABLE_TESTABILITY = YES;
				ENABLE_USER_SCRIPT_SANDBOXING = YES;
				GCC_C_LANGUAGE_STANDARD = gnu17;
				GCC_DYNAMIC_NO_PIC = NO;
				GCC_NO_COMMON_BLOCKS = YES;
				GCC_OPTIMIZATION_LEVEL = 0;
				GCC_PREPROCESSOR_DEFINITIONS = (
					"DEBUG=1",
					"$(inherited)",
				);
				GCC_WARN_64_TO_32_BIT_CONVERSION = YES;
				GCC_WARN_ABOUT_RETURN_TYPE = YES_ERROR;
				GCC_WARN_UNDECLARED_SELECTOR = YES;
				GCC_WARN_UNINITIALIZED_AUTOS = YES_AGGRESSIVE;
				GCC_WARN_UNUSED_FUNCTION = YES;
				GCC_WARN_UNUSED_VARIABLE = YES;
				IPHONEOS_DEPLOYMENT_TARGET = 17.0;
				LOCALIZATION_PREFERS_STRING_CATALOGS = YES;
				MTL_ENABLE_DEBUG_INFO = INCLUDE_SOURCE;
				MTL_FAST_MATH = YES;
				ONLY_ACTIVE_ARCH = YES;
				SDKROOT = iphoneos;
				STRING_CATALOG_GENERATE_SYMBOLS = YES;
				SWIFT_ACTIVE_COMPILATION_CONDITIONS = DEBUG;
				SWIFT_OPTIMIZATION_LEVEL = "-Onone";
			};
			name = Debug;
		};
		AA00000000000000000000B2 /* Release */ = {
			isa = XCBuildConfiguration;
			buildSettings = {
				ALWAYS_SEARCH_USER_PATHS = NO;
				ASSETCATALOG_COMPILER_GENERATE_SWIFT_ASSET_SYMBOL_EXTENSIONS = YES;
				CLANG_ANALYZER_NONNULL = YES;
				CLANG_ANALYZER_NUMBER_OBJECT_CONVERSION = YES_AGGRESSIVE;
				CLANG_CXX_LANGUAGE_STANDARD = "gnu++20";
				CLANG_ENABLE_MODULES = YES;
				CLANG_ENABLE_OBJC_ARC = YES;
				CLANG_ENABLE_OBJC_WEAK = YES;
				CLANG_WARN_BLOCK_CAPTURE_AUTORELEASING = YES;
				CLANG_WARN_BOOL_CONVERSION = YES;
				CLANG_WARN_COMMA = YES;
				CLANG_WARN_CONSTANT_CONVERSION = YES;
				CLANG_WARN_DEPRECATED_OBJC_IMPLEMENTATIONS = YES;
				CLANG_WARN_DIRECT_OBJC_ISA_USAGE = YES_ERROR;
				CLANG_WARN_DOCUMENTATION_COMMENTS = YES;
				CLANG_WARN_EMPTY_BODY = YES;
				CLANG_WARN_ENUM_CONVERSION = YES;
				CLANG_WARN_INFINITE_RECURSION = YES;
				CLANG_WARN_INT_CONVERSION = YES;
				CLANG_WARN_NON_LITERAL_NULL_CONVERSION = YES;
				CLANG_WARN_OBJC_IMPLICIT_RETAIN_SELF = YES;
				CLANG_WARN_OBJC_LITERAL_CONVERSION = YES;
				CLANG_WARN_OBJC_ROOT_CLASS = YES_ERROR;
				CLANG_WARN_QUOTED_INCLUDE_IN_FRAMEWORK_HEADER = YES;
				CLANG_WARN_RANGE_LOOP_ANALYSIS = YES;
				CLANG_WARN_STRICT_PROTOTYPES = YES;
				CLANG_WARN_SUSPICIOUS_MOVE = YES;
				CLANG_WARN_UNGUARDED_AVAILABILITY = YES_AGGRESSIVE;
				CLANG_WARN_UNREACHABLE_CODE = YES;
				CLANG_WARN__DUPLICATE_METHOD_MATCH = YES;
				COPY_PHASE_STRIP = NO;
				DEBUG_INFORMATION_FORMAT = "dwarf-with-dsym";
				DEVELOPMENT_TEAM = A93FGV7L5Y;
				ENABLE_NS_ASSERTIONS = NO;
				ENABLE_STRICT_OBJC_MSGSEND = YES;
				ENABLE_USER_SCRIPT_SANDBOXING = YES;
				GCC_C_LANGUAGE_STANDARD = gnu17;
				GCC_NO_COMMON_BLOCKS = YES;
				GCC_WARN_64_TO_32_BIT_CONVERSION = YES;
				GCC_WARN_ABOUT_RETURN_TYPE = YES_ERROR;
				GCC_WARN_UNDECLARED_SELECTOR = YES;
				GCC_WARN_UNINITIALIZED_AUTOS = YES_AGGRESSIVE;
				GCC_WARN_UNUSED_FUNCTION = YES;
				GCC_WARN_UNUSED_VARIABLE = YES;
				IPHONEOS_DEPLOYMENT_TARGET = 17.0;
				LOCALIZATION_PREFERS_STRING_CATALOGS = YES;
				MTL_FAST_MATH = YES;
				SDKROOT = iphoneos;
				STRING_CATALOG_GENERATE_SYMBOLS = YES;
				SWIFT_COMPILATION_MODE = wholemodule;
				SWIFT_OPTIMIZATION_LEVEL = "-O";
				VALIDATE_PRODUCT = YES;
			};
			name = Release;
		};
		AA00000000000000000000B3 /* Debug */ = {
			isa = XCBuildConfiguration;
			buildSettings = {
				ASSETCATALOG_COMPILER_APPICON_NAME = AppIcon;
				ASSETCATALOG_COMPILER_GLOBAL_ACCENT_COLOR_NAME = AccentColor;
				CODE_SIGN_ENTITLEMENTS = SnapWorth/SnapWorth.entitlements;
				CODE_SIGN_IDENTITY = "Apple Development";
				CODE_SIGN_STYLE = Automatic;
				CURRENT_PROJECT_VERSION = 3;
				DEVELOPMENT_ASSET_PATHS = "";
				ENABLE_PREVIEWS = YES;
				GENERATE_INFOPLIST_FILE = NO;
				INFOPLIST_FILE = SnapWorth/Info.plist;
				INFOPLIST_KEY_UIApplicationSceneManifest_Generation = NO;
				INFOPLIST_KEY_UILaunchScreen_Generation = NO;
				LD_RUNPATH_SEARCH_PATHS = (
					"$(inherited)",
					"@executable_path/Frameworks",
				);
				MARKETING_VERSION = 1.1.1;
				PRODUCT_BUNDLE_IDENTIFIER = eu.snapworth.app;
				PRODUCT_NAME = "$(TARGET_NAME)";
				PROVISIONING_PROFILE_SPECIFIER = "";
				SUPPORTED_PLATFORMS = "iphoneos iphonesimulator";
				SUPPORTS_MACCATALYST = NO;
				SUPPORTS_XR_DESIGNED_FOR_IPHONE_IPAD = NO;
				SWIFT_EMIT_LOC_STRINGS = YES;
				SWIFT_VERSION = 5.0;
				TARGETED_DEVICE_FAMILY = 1;
			};
			name = Debug;
		};
		AA00000000000000000000B4 /* Release */ = {
			isa = XCBuildConfiguration;
			buildSettings = {
				ASSETCATALOG_COMPILER_APPICON_NAME = AppIcon;
				ASSETCATALOG_COMPILER_GLOBAL_ACCENT_COLOR_NAME = AccentColor;
				CODE_SIGN_ENTITLEMENTS = SnapWorth/SnapWorth.entitlements;
				CODE_SIGN_IDENTITY = "Apple Development";
				CODE_SIGN_STYLE = Automatic;
				CURRENT_PROJECT_VERSION = 3;
				DEVELOPMENT_ASSET_PATHS = "";
				ENABLE_PREVIEWS = YES;
				GENERATE_INFOPLIST_FILE = NO;
				INFOPLIST_FILE = SnapWorth/Info.plist;
				INFOPLIST_KEY_UIApplicationSceneManifest_Generation = NO;
				INFOPLIST_KEY_UILaunchScreen_Generation = NO;
				LD_RUNPATH_SEARCH_PATHS = (
					"$(inherited)",
					"@executable_path/Frameworks",
				);
				MARKETING_VERSION = 1.1.1;
				PRODUCT_BUNDLE_IDENTIFIER = eu.snapworth.app;
				PRODUCT_NAME = "$(TARGET_NAME)";
				PROVISIONING_PROFILE_SPECIFIER = "";
				SUPPORTED_PLATFORMS = "iphoneos iphonesimulator";
				SUPPORTS_MACCATALYST = NO;
				SUPPORTS_XR_DESIGNED_FOR_IPHONE_IPAD = NO;
				SWIFT_EMIT_LOC_STRINGS = YES;
				SWIFT_VERSION = 5.0;
				TARGETED_DEVICE_FAMILY = 1;
			};
			name = Release;
		};
		AA000000000000000000010B /* Debug */ = {
			isa = XCBuildConfiguration;
			buildSettings = {
				BUNDLE_LOADER = "$(TEST_HOST)";
				CODE_SIGN_STYLE = Automatic;
				GENERATE_INFOPLIST_FILE = YES;
				IPHONEOS_DEPLOYMENT_TARGET = 17.0;
				LD_RUNPATH_SEARCH_PATHS = (
					"$(inherited)",
					"@executable_path/Frameworks",
				);
				PRODUCT_BUNDLE_IDENTIFIER = eu.snapworth.appTests;
				PRODUCT_NAME = "$(TARGET_NAME)";
				SWIFT_EMIT_LOC_STRINGS = NO;
				SWIFT_VERSION = 5.0;
				TARGETED_DEVICE_FAMILY = 1;
				TEST_HOST = "$(BUILT_PRODUCTS_DIR)/SnapWorth.app/$(BUNDLE_EXECUTABLE_FOLDER_PATH)/SnapWorth";
			};
			name = Debug;
		};
		AA000000000000000000010C /* Release */ = {
			isa = XCBuildConfiguration;
			buildSettings = {
				BUNDLE_LOADER = "$(TEST_HOST)";
				CODE_SIGN_STYLE = Automatic;
				GENERATE_INFOPLIST_FILE = YES;
				IPHONEOS_DEPLOYMENT_TARGET = 17.0;
				LD_RUNPATH_SEARCH_PATHS = (
					"$(inherited)",
					"@executable_path/Frameworks",
				);
				PRODUCT_BUNDLE_IDENTIFIER = eu.snapworth.appTests;
				PRODUCT_NAME = "$(TARGET_NAME)";
				SWIFT_EMIT_LOC_STRINGS = NO;
				SWIFT_VERSION = 5.0;
				TARGETED_DEVICE_FAMILY = 1;
				TEST_HOST = "$(BUILT_PRODUCTS_DIR)/SnapWorth.app/$(BUNDLE_EXECUTABLE_FOLDER_PATH)/SnapWorth";
			};
			name = Release;
		};
/* End XCBuildConfiguration section */

/* Begin XCConfigurationList section */
		1DF043D33003EE710072D4A8 /* Build configuration list for PBXNativeTarget "SnapWorthWidgetsExtension" */ = {
			isa = XCConfigurationList;
			buildConfigurations = (
				1DF043D03003EE710072D4A8 /* Debug */,
				1DF043D13003EE710072D4A8 /* Release */,
			);
			defaultConfigurationIsVisible = 0;
			defaultConfigurationName = Release;
		};
		AA00000000000000000000AF /* Build configuration list for PBXProject "SnapWorth" */ = {
			isa = XCConfigurationList;
			buildConfigurations = (
				AA00000000000000000000B1 /* Debug */,
				AA00000000000000000000B2 /* Release */,
			);
			defaultConfigurationIsVisible = 0;
			defaultConfigurationName = Release;
		};
		AA00000000000000000000B0 /* Build configuration list for PBXNativeTarget "SnapWorth" */ = {
			isa = XCConfigurationList;
			buildConfigurations = (
				AA00000000000000000000B3 /* Debug */,
				AA00000000000000000000B4 /* Release */,
			);
			defaultConfigurationIsVisible = 0;
			defaultConfigurationName = Release;
		};
		AA000000000000000000010A /* Build configuration list for PBXNativeTarget "SnapWorthTests" */ = {
			isa = XCConfigurationList;
			buildConfigurations = (
				AA000000000000000000010B /* Debug */,
				AA000000000000000000010C /* Release */,
			);
			defaultConfigurationIsVisible = 0;
			defaultConfigurationName = Release;
		};
/* End XCConfigurationList section */

/* Begin XCRemoteSwiftPackageReference section */
		ADD1EC0000000000000000A1 /* XCRemoteSwiftPackageReference "SwiftSDK" */ = {
			isa = XCRemoteSwiftPackageReference;
			repositoryURL = "https://github.com/TelemetryDeck/SwiftSDK";
			requirement = {
				kind = upToNextMajorVersion;
				minimumVersion = 2.0.0;
			};
		};
/* End XCRemoteSwiftPackageReference section */

/* Begin XCSwiftPackageProductDependency section */
		ADD1EC0000000000000000A2 /* TelemetryDeck */ = {
			isa = XCSwiftPackageProductDependency;
			package = ADD1EC0000000000000000A1 /* XCRemoteSwiftPackageReference "SwiftSDK" */;
			productName = TelemetryDeck;
		};
/* End XCSwiftPackageProductDependency section */
	};
	rootObject = AA00000000000000000000AA /* Project object */;
}
